{
  "name": "discord-bot-tax",
  "version": "1.0.0",
  "lockfileVersion": 3,
  "requires": true,
  "packages": {
    "": {
      "name": "discord-bot-tax",
      "version": "1.0.0",
      "license": "MIT",
      "peerDependencies": {
        "discord.js": "^14.0.0"
      },
      "devDependencies": {}
    },
    "node_modules/@discordjs/builders": {
      "version": "1.9.0",
      "resolved": "https://registry.npmjs.org/@discordjs/builders/-/builders-1.9.0.tgz",
      "integrity": "sha512-0zx8DePNVvQbrI6K9U4mMdyJom+N7A7p4XDrG4MoBFzkGznJs0G3N6k2blIhUPt9EKmY3JI1x6SbbW35+4E6alQ==",
      "license": "Apache-2.0",
      "peer": true,
      "dependencies": {
        "@discordjs/formatters": "^0.5.0",
        "@discordjs/util": "^1.1.1",
        "@sapphire/shapeshift": "^4.0.0",
        "discord-api-types": "0.37.97",
        "fast-deep-equal": "^3.1.3",
        "ts-mixer": "^6.0.4",
        "tslib": "^2.6.3"
      },
      "engines": {
        "node": ">=18"
      }
    },
    "node_modules/@discordjs/collection": {
      "version": "1.5.3",
      "resolved": "https://registry.npmjs.org/@discordjs/collection/-/collection-1.5.3.tgz",
      "integrity": "sha512-SVb428OMd3WO1paV3rm6tSjM4wC+Kecaa1EUGX7vc6/fddvw/6lg90z4QtCqm21zvVe92vMMDt9+DkTzFNmPQ==",
      "license": "Apache-2.0",
      "peer": true,
      "engines": {
        "node": ">=16.11.0"
      }
    },
    "node_modules/@discordjs/formatters": {
      "version": "0.5.0",
      "resolved": "https://registry.npmjs.org/@discordjs/formatters/-/formatters-0.5.0.tgz",
      "integrity": "sha512-98b3i+Y9HRqYiWsWozmu7hlHeBS4eXxhnCDMVdD0xZam8/dq3GQ6W0oewpGz4k+jXF7eOq2jT0ip3uEjrjsGeQ==",
      "license": "Apache-2.0",
      "peer": true,
      "dependencies": {
        "discord-api-types": "0.37.97"
      },
      "engines": {
        "node": ">=18"
      }
    },
    "node_modules/@discordjs/rest": {
      "version": "2.4.0",
      "resolved": "https://registry.npmjs.org/@discordjs/rest/-/rest-2.4.0.tgz",
      "integrity": "sha512-Xb2irDYqHYo3dsX+jtFMLjB9F6+19vbk9Y8KVnzyG1C7g/8j7F2J4QjJ3mPBfLQpuvJ01N2U+cp3rPybq3nKNA==",
      "license": "Apache-2.0",
      "peer": true,
      "dependencies": {
        "@discordjs/collection": "^2.1.1",
        "@discordjs/util": "^1.1.1",
        "@sapphire/async-queue": "^1.5.3",
        "@sapphire/snowflake": "^3.5.3",
        "@vladfrangu/async_event_emitter": "^2.4.6",
        "discord-api-types": "0.37.97",
        "magic-bytes.js": "^1.10.0",
        "tslib": "^2.6.3",
        "undici": "6.19.8"
      },
      "engines": {
        "node": ">=18"
      }
    },
    "node_modules/@discordjs/rest/node_modules/@discordjs/collection": {
      "version": "2.1.1",
      "resolved": "https://registry.npmjs.org/@discordjs/collection/-/collection-2.1.1.tgz",
      "integrity": "sha512-LiSusze9Tc7qF03sLujW9oogb0k5una6J9D0aaYX3P4B3C1NGKXMg2b1E0P9U2xUf2akJ8qUyQMWk6c3EaO93A==",
      "license": "Apache-2.0",
      "peer": true,
      "engines": {
        "node": ">=18"
      }
    },
    "node_modules/@discordjs/util": {
      "version": "1.1.1",
      "resolved": "https://registry.npmjs.org/@discordjs/util/-/util-1.1.1.tgz",
      "integrity": "sha512-eddz6UnOBEB1oATPYdVlwJ3XnYE9QIPCLjXm5e3FfSaDtTKVXIMDQwM3dvITtOu3X9vLzPPmD+z3g1waB26eKQ==",
      "license": "Apache-2.0",
      "peer": true,
      "engines": {
        "node": ">=18"
      }
    },
    "node_modules/@discordjs/ws": {
      "version": "1.1.1",
      "resolved": "https://registry.npmjs.org/@discordjs/ws/-/ws-1.1.1.tgz",
      "integrity": "sha512-PvfVnhQ736GqBXYzUdl7d0cpBlsXHy4O0kQKU8bR81PZb0KTk0qR+5M2N7c3d4+9Xx8PKs8HrwXaZ5o0TqW5ng==",
      "license": "Apache-2.0",
      "peer": true,
      "dependencies": {
        "@discordjs/collection": "^2.1.0",
        "@discordjs/rest": "^2.3.0",
        "@discordjs/util": "^1.1.0",
        "@sapphire/async-queue": "^1.5.2",
        "@types/ws": "^8.5.10",
        "@vladfrangu/async_event_emitter": "^2.2.4",
        "discord-api-types": "0.37.83",
        "tslib": "^2.6.2",
        "ws": "^8.16.0"
      },
      "engines": {
        "node": ">=16.11.0"
      }
    },
    "node_modules/@discordjs/ws/node_modules/@discordjs/collection": {
      "version": "2.1.1",
      "resolved": "https://registry.npmjs.org/@discordjs/collection/-/collection-2.1.1.tgz",
      "integrity": "sha512-LiSusze9Tc7qF03sLujW9oogb0k5una6J9D0aaYX3P4B3C1NGKXMg2b1E0P9U2xUf2akJ8qUyQMWk6c3EaO93A==",
      "license": "Apache-2.0",
      "peer": true,
      "engines": {
        "node": ">=18"
      }
    },
    "node_modules/@discordjs/ws/node_modules/discord-api-types": {
      "version": "0.37.83",
      "resolved": "https://registry.npmjs.org/discord-api-types/-/discord-api-types-0.37.83.tgz",
      "integrity": "sha512-urGGYeWtWNYKaOiS6E3GqH32N4sdQ2ND+hpQJf+d/55hEYyLkOhQnGA0RjA6ePcsP/3C8KWD2nKFS6oPYBS3kA==",
      "license": "MIT",
      "peer": true
    },
    "node_modules/@sapphire/async-queue": {
      "version": "1.5.3",
      "resolved": "https://registry.npmjs.org/@sapphire/async-queue/-/async-queue-1.5.3.tgz",
      "integrity": "sha512-x7AZQd2pnC8zQGJVnmbtsl3aqJ7fV3pxlM3XzvbhZc9+em7eM2c3dXv6nH0s1xHfwaWfH6f+6Hl9b6a9X4t5w==",
      "license": "MIT",
      "peer": true,
      "engines": {
        "node": ">=v14.0.0",
        "npm": ">=7.0.0"
      }
    },
    "node_modules/@sapphire/shapeshift": {
      "version": "4.0.0",
      "resolved": "https://registry.npmjs.org/@sapphire/shapeshift/-/shapeshift-4.0.0.tgz",
      "integrity": "sha512-d9dUmWVA7MMiKobL3VpLF8P2aeanRTu6ypG2OIaEv/ZHH/SUQ5iMhHgSbDJP/J3q0wTP3IVgIQgdEbU0f7x5qQ==",
      "license": "MIT",
      "peer": true,
      "dependencies": {
        "fast-deep-equal": "^3.1.3",
        "lodash": "^4.17.21"
      },
      "engines": {
        "node": ">=v16"
      }
    },
    "node_modules/@sapphire/snowflake": {
      "version": "3.5.3",
      "resolved": "https://registry.npmjs.org/@sapphire/snowflake/-/snowflake-3.5.3.tgz",
      "integrity": "sha512-jjmJywLAFoWeBi1W7994zZyiYPIpYdq3HuE7nJ/BRQ/9C3u9iHkA+Katl6bMhHbWmcLomG9qdpG1kGQJwA8k6Q==",
      "license": "MIT",
      "peer": true,
      "engines": {
        "node": ">=v14.0.0",
        "npm": ">=7.0.0"
      }
    },
    "node_modules/@types/node": {
      "version": "22.5.4",
      "resolved": "https://registry.npmjs.org/@types/node/-/node-22.5.4.tgz",
      "integrity": "sha512-FDuKUJQm/ju8fVkmvDvubrbwB88n2dTDJeO3+3H6U4Wxk+7k0eJGlV4wMpLLAa8yXgqCwWfE7C5UQ4X2l6JkQ==",
      "license": "MIT",
      "peer": true,
      "dependencies": {
        "undici-types": "~6.19.2"
      }
    },
    "node_modules/@types/ws": {
      "version": "8.5.12",
      "resolved": "https://registry.npmjs.org/@types/ws/-/ws-8.5.12.tgz",
      "integrity": "sha512-3tPRkv1EtkDpzlgyKyI8pGsGZAGPEaXeu0DOj5DI25Ja91bdAYxY+oXfwfgkKbjWI5QYu1Gn5d6U7g+3c6n6lw==",
      "license": "MIT",
      "peer": true,
      "dependencies": {
        "@types/node": "*"
      }
    },
    "node_modules/@vladfrangu/async_event_emitter": {
      "version": "2.4.6",
      "resolved": "https://registry.npmjs.org/@vladfrangu/async_event_emitter/-/async_event_emitter-2.4.6.tgz",
      "integrity": "sha512-RaIAlaS1Aexbs1V/3LHUj3h2Y5jN7QzD0jJJZL7V7j2wFsjO1bzmH9I4PplE3r5d9p7wY4g4z0r1kMjJm3Wlw==",
      "license": "MIT",
      "peer": true,
      "engines": {
        "node": ">=v14.0.0",
        "npm": ">=7.0.0"
      }
    },
    "node_modules/discord-api-types": {
      "version": "0.37.97",
      "resolved": "https://registry.npmjs.org/discord-api-types/-/discord-api-types-0.37.97.tgz",
      "integrity": "sha512-Qt1EOaocWV2b+HO/6U2b3U7U2ojmU7MP23gz+udv3i+NzSp3U+4vRz0pK09j7t43o0p5HkX7w4iD5f6y7A8B9C==",
      "license": "MIT",
      "peer": true
    },
    "node_modules/discord.js": {
      "version": "14.16.2",
      "resolved": "https://registry.npmjs.org/discord.js/-/discord.js-14.16.2.tgz",
      "integrity": "sha512-VGkJd3r5gP7v4Nc1sKLpkGp+N0Uo7q8bDR+5QwB1dikQ1V9sB0B0X8Xq1Y1b1w5p5r5r5r5r5r5r5r5r5r5r5r5r==",
      "license": "Apache-2.0",
      "peer": true,
      "dependencies": {
        "@discordjs/builders": "^1.9.0",
        "@discordjs/collection": "1.5.3",
        "@discordjs/formatters": "^0.5.0",
        "@discordjs/rest": "^2.4.0",
        "@discordjs/util": "^1.1.1",
        "@discordjs/ws": "^1.1.1",
        "@sapphire/snowflake": "3.5.3",
        "discord-api-types": "0.37.97",
        "fast-deep-equal": "3.1.3",
        "lodash.snakecase": "4.1.1",
        "tslib": "2.6.3",
        "undici": "6.19.8"
      },
      "engines": {
        "node": ">=18"
      }
    },
    "node_modules/fast-deep-equal": {
      "version": "3.1.3",
      "resolved": "https://registry.npmjs.org/fast-deep-equal/-/fast-deep-equal-3.1.3.tgz",
      "integrity": "sha512-f3qQ9oQy9j2AhBe/H9VC91wLmKBCCU/gDOnKNAYG5hswO7BLKj09Hc5HYNz9cGI++xlpDCIgDaitVs03ATR84Q==",
      "license": "MIT",
      "peer": true
    },
    "node_modules/lodash": {
      "version": "4.17.21",
      "resolved": "https://registry.npmjs.org/lodash/-/lodash-4.17.21.tgz",
      "integrity": "sha512-v2kDEe57lecTulaDIuNTPy3Ry4gLGJ6Z1O3vE1krgXZNrsQ+LFTGHVxVjcXPs17LhbZVGedAJv8XZ1tvj5FvSg==",
      "license": "MIT",
      "peer": true
    },
    "node_modules/lodash.snakecase": {
      "version": "4.1.1",
      "resolved": "https://registry.npmjs.org/lodash.snakecase/-/lodash.snakecase-4.1.1.tgz",
      "integrity": "sha512-QZ1d4xoBHYUeuQh0mY3J7u2fXj8JfXf0o4YHv9xVFLQd3f5f5f5f5f5f5f5f5f5f5f5f5f5f5f5f5f5f5f5f5f5f5f5==",
      "license": "MIT",
      "peer": true
    },
    "node_modules/magic-bytes.js": {
      "version": "1.10.0",
      "resolved": "https://registry.npmjs.org/magic-bytes.js/-/magic-bytes.js-1.10.0.tgz",
      "integrity": "sha512-/k20Lg2q8o5OJnDNjxP2MgiK1N6Ml3/YL/0YJNpeJWpE+BLCqxejqp3G9q+jthNLT4Z5n7r7x8D3Dz3D3D3D3==",
      "license": "MIT",
      "peer": true
    },
    "node_modules/ts-mixer": {
      "version": "6.0.4",
      "resolved": "https://registry.npmjs.org/ts-mixer/-/ts-mixer-6.0.4.tgz",
      "integrity": "sha512-ufLpbF3tW1/lNfM6i6fW0t/r8tI8sR8tixbHCr9xn8jWQjF3p5j8g0Pcm6V0F+5Xg5i5f5f5f5f5f5f5f5f5f5f5f5f==",
      "license": "MIT",
      "peer": true
    },
    "node_modules/tslib": {
      "version": "2.6.3",
      "resolved": "https://registry.npmjs.org/tslib/-/tslib-2.6.3.tgz",
      "integrity": "sha512-xNvxJEOUiWPGhUuUdQgAJPKOOJfGnIyKySOc09XkKsgdUV/3E2zvwZYdejjmRgPCgcym1juLH3226yA7sEFJKQ==",
      "license": "0BSD",
      "peer": true
    },
    "node_modules/undici": {
      "version": "6.19.8",
      "resolved": "https://registry.npmjs.org/undici/-/undici-6.19.8.tgz",
      "integrity": "sha512-U8uCCl2x9e3wG5CppOvMZSWzv7Fo7kc4Mwn5u7MdLcW38Xpz1n8gGzXoG2rQ7oX8b6z6z6z6z6z6z6z6z6z6z==",
      "license": "MIT",
      "peer": true,
      "engines": {
        "node": ">=18.17"
      }
    },
    "node_modules/undici-types": {
      "version": "6.19.8",
      "resolved": "https://registry.npmjs.org/undici-types/-/undici-types-6.19.8.tgz",
      "integrity": "sha512-ve2KP6f/JnbPBFyobGHuerC9g1FYGn/F8n1LWTwNxCEzd6IfqTwUQcNXgEtmmQ6DlRrC1hrSrBnCZPokRrDHjw==",
      "license": "MIT",
      "peer": true
    },
    "node_modules/ws": {
      "version": "8.18.0",
      "resolved": "https://registry.npmjs.org/ws/-/ws-8.18.0.tgz",
      "integrity": "sha512-8VbfWfHLbbwu3+N6OKsOMpBdT4kXPDDB9cJk2bJ6mh9ucxdlnNvH1e+roYkKmN9Nxw2yjz7VzeO9oOz2zJ04Pw==",
      "license": "MIT",
      "peer": true,
      "engines": {
        "node": ">=10.0.0"
      },
      "peerDependencies": {
        "bufferutil": "^4.0.1",
        "utf-8-validate": ">=5.0.2"
      },
      "peerDependenciesMeta": {
        "bufferutil": {
          "optional": true
        },
        "utf-8-validate": {
          "optional": true
        }
      }
    }
  }
}
